// !$*UTF8*$!
{
	archiveVersion = 1;
	classes = {
	};
	objectVersion = 48;
	objects = {

/* Begin PBXBuildFile section */
		0808F46D1FD99C7F00869679 /* ArtCell.swift in Sources */ = {isa = PBXBuildFile; fileRef = 0808F46C1FD99C7F00869679 /* ArtCell.swift */; };
		080AD6CB1FA220210095CED9 /* AppDelegate.swift in Sources */ = {isa = PBXBuildFile; fileRef = 080AD6CA1FA220210095CED9 /* AppDelegate.swift */; };
		080AD6CD1FA220210095CED9 /* ViewController.swift in Sources */ = {isa = PBXBuildFile; fileRef = 080AD6CC1FA220210095CED9 /* ViewController.swift */; };
		080AD6D01FA220210095CED9 /* Main.storyboard in Resources */ = {isa = PBXBuildFile; fileRef = 080AD6CE1FA220210095CED9 /* Main.storyboard */; };
		080AD6D21FA220210095CED9 /* Assets.xcassets in Resources */ = {isa = PBXBuildFile; fileRef = 080AD6D11FA220210095CED9 /* Assets.xcassets */; };
		080AD6D51FA220210095CED9 /* LaunchScreen.storyboard in Resources */ = {isa = PBXBuildFile; fileRef = 080AD6D31FA220210095CED9 /* LaunchScreen.storyboard */; };
		080AD6E11FA2234F0095CED9 /* CreativityViewController.swift in Sources */ = {isa = PBXBuildFile; fileRef = 080AD6E01FA2234F0095CED9 /* CreativityViewController.swift */; };
		080AD6E31FA2236A0095CED9 /* AbstractionViewController.swift in Sources */ = {isa = PBXBuildFile; fileRef = 080AD6E21FA2236A0095CED9 /* AbstractionViewController.swift */; };
		080AD6E71FA223AA0095CED9 /* AlgorithmsViewController.swift in Sources */ = {isa = PBXBuildFile; fileRef = 080AD6E61FA223AA0095CED9 /* AlgorithmsViewController.swift */; };
		080AD6E91FA223BF0095CED9 /* InternetMasterViewController.swift in Sources */ = {isa = PBXBuildFile; fileRef = 080AD6E81FA223BF0095CED9 /* InternetMasterViewController.swift */; };
		080AD6EB1FA223D00095CED9 /* ProgrammingViewController.swift in Sources */ = {isa = PBXBuildFile; fileRef = 080AD6EA1FA223D00095CED9 /* ProgrammingViewController.swift */; };
		080AD6ED1FA223ED0095CED9 /* GlobalImpactViewController.swift in Sources */ = {isa = PBXBuildFile; fileRef = 080AD6EC1FA223ED0095CED9 /* GlobalImpactViewController.swift */; };
		0817693D1FE17AB200F71C11 /* PlayerLaser.swift in Sources */ = {isa = PBXBuildFile; fileRef = 081769381FE17AB100F71C11 /* PlayerLaser.swift */; };
		0817693E1FE17AB200F71C11 /* InvaderLaser.swift in Sources */ = {isa = PBXBuildFile; fileRef = 081769391FE17AB100F71C11 /* InvaderLaser.swift */; };
		0817693F1FE17AB200F71C11 /* Invader.swift in Sources */ = {isa = PBXBuildFile; fileRef = 0817693A1FE17AB100F71C11 /* Invader.swift */; };
		081769401FE17AB200F71C11 /* Projectile.swift in Sources */ = {isa = PBXBuildFile; fileRef = 0817693B1FE17AB100F71C11 /* Projectile.swift */; };
		081769411FE17AB200F71C11 /* Player.swift in Sources */ = {isa = PBXBuildFile; fileRef = 0817693C1FE17AB100F71C11 /* Player.swift */; };
		081769441FE17ACB00F71C11 /* StarField.sks in Resources */ = {isa = PBXBuildFile; fileRef = 081769421FE17ACB00F71C11 /* StarField.sks */; };
		081769481FE17AE800F71C11 /* Utilities.swift in Sources */ = {isa = PBXBuildFile; fileRef = 081769461FE17AE800F71C11 /* Utilities.swift */; };
		0817694F1FE181F000F71C11 /* GameScene.swift in Sources */ = {isa = PBXBuildFile; fileRef = 0817694C1FE181F000F71C11 /* GameScene.swift */; };
		081769501FE181F000F71C11 /* LevelCompleteScene.swift in Sources */ = {isa = PBXBuildFile; fileRef = 0817694D1FE181F000F71C11 /* LevelCompleteScene.swift */; };
		081769511FE181F000F71C11 /* StartScene.swift in Sources */ = {isa = PBXBuildFile; fileRef = 0817694E1FE181F000F71C11 /* StartScene.swift */; };
		081C624B1FCF003F00257EB3 /* InternetDetailViewController.swift in Sources */ = {isa = PBXBuildFile; fileRef = 081C624A1FCF003F00257EB3 /* InternetDetailViewController.swift */; };
		08A017C31FC32A48009DC716 /* Winnable.swift in Sources */ = {isa = PBXBuildFile; fileRef = 08A017C21FC32A48009DC716 /* Winnable.swift */; };
		08A017C51FC32B80009DC716 /* Game.swift in Sources */ = {isa = PBXBuildFile; fileRef = 08A017C41FC32B80009DC716 /* Game.swift */; };
		08B7DD361FCF0B2E00D64F29 /* WebKit.framework in Frameworks */ = {isa = PBXBuildFile; fileRef = 08B7DD351FCF0B2E00D64F29 /* WebKit.framework */; };
		08BB91491FD6EFE000EF1321 /* DrawingView.swift in Sources */ = {isa = PBXBuildFile; fileRef = 08BB91481FD6EFE000EF1321 /* DrawingView.swift */; };
		08D01A372005176C00CAF98D /* bucket - bucket.csv.csv in Resources */ = {isa = PBXBuildFile; fileRef = 08D01A362005176C00CAF98D /* bucket - bucket.csv.csv */; };
		08FB41A01FBB3988006F8568 /* Default-568h@2x.png in Resources */ = {isa = PBXBuildFile; fileRef = 08FB419F1FBB3988006F8568 /* Default-568h@2x.png */; };
/* End PBXBuildFile section */

/* Begin PBXFileReference section */
		0808F46C1FD99C7F00869679 /* ArtCell.swift */ = {isa = PBXFileReference; lastKnownFileType = sourcecode.swift; path = ArtCell.swift; sourceTree = "<group>"; };
		080AD6C71FA220210095CED9 /* TylerBevan_CSP.app */ = {isa = PBXFileReference; explicitFileType = wrapper.application; includeInIndex = 0; path = TylerBevan_CSP.app; sourceTree = BUILT_PRODUCTS_DIR; };
		080AD6CA1FA220210095CED9 /* AppDelegate.swift */ = {isa = PBXFileReference; lastKnownFileType = sourcecode.swift; path = AppDelegate.swift; sourceTree = "<group>"; };
		080AD6CC1FA220210095CED9 /* ViewController.swift */ = {isa = PBXFileReference; lastKnownFileType = sourcecode.swift; path = ViewController.swift; sourceTree = "<group>"; };
		080AD6CF1FA220210095CED9 /* Base */ = {isa = PBXFileReference; lastKnownFileType = file.storyboard; name = Base; path = Base.lproj/Main.storyboard; sourceTree = "<group>"; };
		080AD6D11FA220210095CED9 /* Assets.xcassets */ = {isa = PBXFileReference; lastKnownFileType = folder.assetcatalog; path = Assets.xcassets; sourceTree = "<group>"; };
		080AD6D41FA220210095CED9 /* Base */ = {isa = PBXFileReference; lastKnownFileType = file.storyboard; name = Base; path = Base.lproj/LaunchScreen.storyboard; sourceTree = "<group>"; };
		080AD6D61FA220210095CED9 /* Info.plist */ = {isa = PBXFileReference; lastKnownFileType = text.plist.xml; path = Info.plist; sourceTree = "<group>"; };
		080AD6E01FA2234F0095CED9 /* CreativityViewController.swift */ = {isa = PBXFileReference; lastKnownFileType = sourcecode.swift; path = CreativityViewController.swift; sourceTree = "<group>"; };
		080AD6E21FA2236A0095CED9 /* AbstractionViewController.swift */ = {isa = PBXFileReference; lastKnownFileType = sourcecode.swift; path = AbstractionViewController.swift; sourceTree = "<group>"; };
		080AD6E61FA223AA0095CED9 /* AlgorithmsViewController.swift */ = {isa = PBXFileReference; lastKnownFileType = sourcecode.swift; path = AlgorithmsViewController.swift; sourceTree = "<group>"; };
		080AD6E81FA223BF0095CED9 /* InternetMasterViewController.swift */ = {isa = PBXFileReference; lastKnownFileType = sourcecode.swift; path = InternetMasterViewController.swift; sourceTree = "<group>"; };
		080AD6EA1FA223D00095CED9 /* ProgrammingViewController.swift */ = {isa = PBXFileReference; lastKnownFileType = sourcecode.swift; path = ProgrammingViewController.swift; sourceTree = "<group>"; };
		080AD6EC1FA223ED0095CED9 /* GlobalImpactViewController.swift */ = {isa = PBXFileReference; lastKnownFileType = sourcecode.swift; path = GlobalImpactViewController.swift; sourceTree = "<group>"; };
		081769381FE17AB100F71C11 /* PlayerLaser.swift */ = {isa = PBXFileReference; fileEncoding = 4; lastKnownFileType = sourcecode.swift; path = PlayerLaser.swift; sourceTree = "<group>"; };
		081769391FE17AB100F71C11 /* InvaderLaser.swift */ = {isa = PBXFileReference; fileEncoding = 4; lastKnownFileType = sourcecode.swift; path = InvaderLaser.swift; sourceTree = "<group>"; };
		0817693A1FE17AB100F71C11 /* Invader.swift */ = {isa = PBXFileReference; fileEncoding = 4; lastKnownFileType = sourcecode.swift; path = Invader.swift; sourceTree = "<group>"; };
		0817693B1FE17AB100F71C11 /* Projectile.swift */ = {isa = PBXFileReference; fileEncoding = 4; lastKnownFileType = sourcecode.swift; path = Projectile.swift; sourceTree = "<group>"; };
		0817693C1FE17AB100F71C11 /* Player.swift */ = {isa = PBXFileReference; fileEncoding = 4; lastKnownFileType = sourcecode.swift; path = Player.swift; sourceTree = "<group>"; };
		081769421FE17ACB00F71C11 /* StarField.sks */ = {isa = PBXFileReference; lastKnownFileType = file.sks; path = StarField.sks; sourceTree = "<group>"; };
		081769461FE17AE800F71C11 /* Utilities.swift */ = {isa = PBXFileReference; fileEncoding = 4; lastKnownFileType = sourcecode.swift; path = Utilities.swift; sourceTree = "<group>"; };
		0817694C1FE181F000F71C11 /* GameScene.swift */ = {isa = PBXFileReference; lastKnownFileType = sourcecode.swift; path = GameScene.swift; sourceTree = "<group>"; };
		0817694D1FE181F000F71C11 /* LevelCompleteScene.swift */ = {isa = PBXFileReference; lastKnownFileType = sourcecode.swift; path = LevelCompleteScene.swift; sourceTree = "<group>"; };
		0817694E1FE181F000F71C11 /* StartScene.swift */ = {isa = PBXFileReference; lastKnownFileType = sourcecode.swift; path = StartScene.swift; sourceTree = "<group>"; };
		081769521FE1882800F71C11 /* powerup sound.mp3 */ = {isa = PBXFileReference; lastKnownFileType = audio.mp3; path = "powerup sound.mp3"; sourceTree = "<group>"; };
		081769531FE1882800F71C11 /* boss sound.mp3 */ = {isa = PBXFileReference; lastKnownFileType = audio.mp3; path = "boss sound.mp3"; sourceTree = "<group>"; };
		081769541FE1882900F71C11 /* invader sound.mp3 */ = {isa = PBXFileReference; lastKnownFileType = audio.mp3; path = "invader sound.mp3"; sourceTree = "<group>"; };
		081769551FE1882900F71C11 /* extra sound.mp3 */ = {isa = PBXFileReference; lastKnownFileType = audio.mp3; path = "extra sound.mp3"; sourceTree = "<group>"; };
		081769561FE1882900F71C11 /* laser sound.mp3 */ = {isa = PBXFileReference; lastKnownFileType = audio.mp3; path = "laser sound.mp3"; sourceTree = "<group>"; };
		081C624A1FCF003F00257EB3 /* InternetDetailViewController.swift */ = {isa = PBXFileReference; lastKnownFileType = sourcecode.swift; path = InternetDetailViewController.swift; sourceTree = "<group>"; };
		08A017C21FC32A48009DC716 /* Winnable.swift */ = {isa = PBXFileReference; lastKnownFileType = sourcecode.swift; path = Winnable.swift; sourceTree = "<group>"; };
		08A017C41FC32B80009DC716 /* Game.swift */ = {isa = PBXFileReference; lastKnownFileType = sourcecode.swift; path = Game.swift; sourceTree = "<group>"; };
		08B7DD351FCF0B2E00D64F29 /* WebKit.framework */ = {isa = PBXFileReference; lastKnownFileType = wrapper.framework; name = WebKit.framework; path = System/Library/Frameworks/WebKit.framework; sourceTree = SDKROOT; };
		08BB91481FD6EFE000EF1321 /* DrawingView.swift */ = {isa = PBXFileReference; lastKnownFileType = sourcecode.swift; path = DrawingView.swift; sourceTree = "<group>"; };
		08D01A362005176C00CAF98D /* bucket - bucket.csv.csv */ = {isa = PBXFileReference; fileEncoding = 4; lastKnownFileType = text; name = "bucket - bucket.csv.csv"; path = "../../../../../Downloads/bucket - bucket.csv.csv"; sourceTree = "<group>"; };
		08FB419F1FBB3988006F8568 /* Default-568h@2x.png */ = {isa = PBXFileReference; lastKnownFileType = image.png; path = "Default-568h@2x.png"; sourceTree = "<group>"; };
/* End PBXFileReference section */

/* Begin PBXFrameworksBuildPhase section */
		080AD6C41FA220210095CED9 /* Frameworks */ = {
			isa = PBXFrameworksBuildPhase;
			buildActionMask = 2147483647;
			files = (
				08B7DD361FCF0B2E00D64F29 /* WebKit.framework in Frameworks */,
			);
			runOnlyForDeploymentPostprocessing = 0;
		};
/* End PBXFrameworksBuildPhase section */

/* Begin PBXGroup section */
		080AD6BE1FA220210095CED9 = {
			isa = PBXGroup;
			children = (
				08FB419F1FBB3988006F8568 /* Default-568h@2x.png */,
				080AD6C91FA220210095CED9 /* TylerBevan_CSP */,
				080AD6C81FA220210095CED9 /* Products */,
				08B7DD341FCF0B2D00D64F29 /* Frameworks */,
			);
			sourceTree = "<group>";
		};
		080AD6C81FA220210095CED9 /* Products */ = {
			isa = PBXGroup;
			children = (
				080AD6C71FA220210095CED9 /* TylerBevan_CSP.app */,
			);
			name = Products;
			sourceTree = "<group>";
		};
		080AD6C91FA220210095CED9 /* TylerBevan_CSP */ = {
			isa = PBXGroup;
			children = (
				080AD6DC1FA2202F0095CED9 /* Controller */,
				080AD6DF1FA220C40095CED9 /* Model */,
				080AD6DD1FA220810095CED9 /* View */,
				080AD6DE1FA2209B0095CED9 /* Resources */,
			);
			path = TylerBevan_CSP;
			sourceTree = "<group>";
		};
		080AD6DC1FA2202F0095CED9 /* Controller */ = {
			isa = PBXGroup;
			children = (
				081769571FE18ED900F71C11 /* GameController */,
				080AD6CA1FA220210095CED9 /* AppDelegate.swift */,
				080AD6CC1FA220210095CED9 /* ViewController.swift */,
				080AD6E01FA2234F0095CED9 /* CreativityViewController.swift */,
				080AD6E21FA2236A0095CED9 /* AbstractionViewController.swift */,
				08D01A3120050BB600CAF98D /* DataView */,
				080AD6E61FA223AA0095CED9 /* AlgorithmsViewController.swift */,
				080AD6EA1FA223D00095CED9 /* ProgrammingViewController.swift */,
				080AD6E81FA223BF0095CED9 /* InternetMasterViewController.swift */,
				081C624A1FCF003F00257EB3 /* InternetDetailViewController.swift */,
				080AD6EC1FA223ED0095CED9 /* GlobalImpactViewController.swift */,
				0808F46C1FD99C7F00869679 /* ArtCell.swift */,
			);
			path = Controller;
			sourceTree = "<group>";
		};
		080AD6DD1FA220810095CED9 /* View */ = {
			isa = PBXGroup;
			children = (
				081769421FE17ACB00F71C11 /* StarField.sks */,
				080AD6D31FA220210095CED9 /* LaunchScreen.storyboard */,
				080AD6CE1FA220210095CED9 /* Main.storyboard */,
				08BB91481FD6EFE000EF1321 /* DrawingView.swift */,
			);
			path = View;
			sourceTree = "<group>";
		};
		080AD6DE1FA2209B0095CED9 /* Resources */ = {
			isa = PBXGroup;
			children = (
				08D01A362005176C00CAF98D /* bucket - bucket.csv.csv */,
				081769461FE17AE800F71C11 /* Utilities.swift */,
				081769531FE1882800F71C11 /* boss sound.mp3 */,
				081769551FE1882900F71C11 /* extra sound.mp3 */,
				081769541FE1882900F71C11 /* invader sound.mp3 */,
				081769561FE1882900F71C11 /* laser sound.mp3 */,
				081769521FE1882800F71C11 /* powerup sound.mp3 */,
				080AD6D11FA220210095CED9 /* Assets.xcassets */,
				080AD6D61FA220210095CED9 /* Info.plist */,
			);
			path = Resources;
			sourceTree = "<group>";
		};
		080AD6DF1FA220C40095CED9 /* Model */ = {
			isa = PBXGroup;
			children = (
				0817693A1FE17AB100F71C11 /* Invader.swift */,
				081769391FE17AB100F71C11 /* InvaderLaser.swift */,
				0817693C1FE17AB100F71C11 /* Player.swift */,
				081769381FE17AB100F71C11 /* PlayerLaser.swift */,
				0817693B1FE17AB100F71C11 /* Projectile.swift */,
				08A017C21FC32A48009DC716 /* Winnable.swift */,
				08A017C41FC32B80009DC716 /* Game.swift */,
			);
			path = Model;
			sourceTree = "<group>";
		};
		081769571FE18ED900F71C11 /* GameController */ = {
			isa = PBXGroup;
			children = (
				0817694C1FE181F000F71C11 /* GameScene.swift */,
				0817694D1FE181F000F71C11 /* LevelCompleteScene.swift */,
				0817694E1FE181F000F71C11 /* StartScene.swift */,
			);
			path = GameController;
			sourceTree = "<group>";
		};
		08B7DD341FCF0B2D00D64F29 /* Frameworks */ = {
			isa = PBXGroup;
			children = (
				08B7DD351FCF0B2E00D64F29 /* WebKit.framework */,
			);
			name = Frameworks;
			sourceTree = "<group>";
		};
		08D01A3120050BB600CAF98D /* DataView */ = {
			isa = PBXGroup;
			children = (
			);
			path = DataView;
			sourceTree = "<group>";
		};
/* End PBXGroup section */

/* Begin PBXNativeTarget section */
		080AD6C61FA220210095CED9 /* TylerBevan_CSP */ = {
			isa = PBXNativeTarget;
			buildConfigurationList = 080AD6D91FA220210095CED9 /* Build configuration list for PBXNativeTarget "TylerBevan_CSP" */;
			buildPhases = (
				080AD6C31FA220210095CED9 /* Sources */,
				080AD6C41FA220210095CED9 /* Frameworks */,
				080AD6C51FA220210095CED9 /* Resources */,
			);
			buildRules = (
			);
			dependencies = (
			);
			name = TylerBevan_CSP;
			productName = TylerBevan_CSP;
			productReference = 080AD6C71FA220210095CED9 /* TylerBevan_CSP.app */;
			productType = "com.apple.product-type.application";
		};
/* End PBXNativeTarget section */

/* Begin PBXProject section */
		080AD6BF1FA220210095CED9 /* Project object */ = {
			isa = PBXProject;
			attributes = {
				LastSwiftUpdateCheck = 0900;
				LastUpgradeCheck = 0900;
				ORGANIZATIONNAME = "Bevan, Tyler";
				TargetAttributes = {
					080AD6C61FA220210095CED9 = {
						CreatedOnToolsVersion = 9.0;
						ProvisioningStyle = Automatic;
					};
				};
			};
			buildConfigurationList = 080AD6C21FA220210095CED9 /* Build configuration list for PBXProject "TylerBevan_CSP" */;
			compatibilityVersion = "Xcode 8.0";
			developmentRegion = en;
			hasScannedForEncodings = 0;
			knownRegions = (
				en,
				Base,
			);
			mainGroup = 080AD6BE1FA220210095CED9;
			productRefGroup = 080AD6C81FA220210095CED9 /* Products */;
			projectDirPath = "";
			projectRoot = "";
			targets = (
				080AD6C61FA220210095CED9 /* TylerBevan_CSP */,
			);
		};
/* End PBXProject section */

/* Begin PBXResourcesBuildPhase section */
		080AD6C51FA220210095CED9 /* Resources */ = {
			isa = PBXResourcesBuildPhase;
			buildActionMask = 2147483647;
			files = (
				080AD6D51FA220210095CED9 /* LaunchScreen.storyboard in Resources */,
				08FB41A01FBB3988006F8568 /* Default-568h@2x.png in Resources */,
				08D01A372005176C00CAF98D /* bucket - bucket.csv.csv in Resources */,
				081769441FE17ACB00F71C11 /* StarField.sks in Resources */,
				080AD6D21FA220210095CED9 /* Assets.xcassets in Resources */,
				080AD6D01FA220210095CED9 /* Main.storyboard in Resources */,
			);
			runOnlyForDeploymentPostprocessing = 0;
		};
/* End PBXResourcesBuildPhase section */

/* Begin PBXSourcesBuildPhase section */
		080AD6C31FA220210095CED9 /* Sources */ = {
			isa = PBXSourcesBuildPhase;
			buildActionMask = 2147483647;
			files = (
				081769511FE181F000F71C11 /* StartScene.swift in Sources */,
				080AD6CD1FA220210095CED9 /* ViewController.swift in Sources */,
				0817693F1FE17AB200F71C11 /* Invader.swift in Sources */,
				0808F46D1FD99C7F00869679 /* ArtCell.swift in Sources */,
				080AD6CB1FA220210095CED9 /* AppDelegate.swift in Sources */,
				08A017C31FC32A48009DC716 /* Winnable.swift in Sources */,
				081769401FE17AB200F71C11 /* Projectile.swift in Sources */,
				081C624B1FCF003F00257EB3 /* InternetDetailViewController.swift in Sources */,
				08BB91491FD6EFE000EF1321 /* DrawingView.swift in Sources */,
				080AD6E11FA2234F0095CED9 /* CreativityViewController.swift in Sources */,
				080AD6EB1FA223D00095CED9 /* ProgrammingViewController.swift in Sources */,
				08A017C51FC32B80009DC716 /* Game.swift in Sources */,
				0817694F1FE181F000F71C11 /* GameScene.swift in Sources */,
				080AD6E71FA223AA0095CED9 /* AlgorithmsViewController.swift in Sources */,
				081769501FE181F000F71C11 /* LevelCompleteScene.swift in Sources */,
				080AD6E31FA2236A0095CED9 /* AbstractionViewController.swift in Sources */,
				080AD6E91FA223BF0095CED9 /* InternetMasterViewController.swift in Sources */,
				0817693E1FE17AB200F71C11 /* InvaderLaser.swift in Sources */,
				081769411FE17AB200F71C11 /* Player.swift in Sources */,
				0817693D1FE17AB200F71C11 /* PlayerLaser.swift in Sources */,
				081769481FE17AE800F71C11 /* Utilities.swift in Sources */,
				080AD6ED1FA223ED0095CED9 /* GlobalImpactViewController.swift in Sources */,
			);
			runOnlyForDeploymentPostprocessing = 0;
		};
/* End PBXSourcesBuildPhase section */

/* Begin PBXVariantGroup section */
		080AD6CE1FA220210095CED9 /* Main.storyboard */ = {
			isa = PBXVariantGroup;
			children = (
				080AD6CF1FA220210095CED9 /* Base */,
			);
			name = Main.storyboard;
			sourceTree = "<group>";
		};
		080AD6D31FA220210095CED9 /* LaunchScreen.storyboard */ = {
			isa = PBXVariantGroup;
			children = (
				080AD6D41FA220210095CED9 /* Base */,
			);
			name = LaunchScreen.storyboard;
			sourceTree = "<group>";
		};
/* End PBXVariantGroup section */

/* Begin XCBuildConfiguration section */
		080AD6D71FA220210095CED9 /* Debug */ = {
			isa = XCBuildConfiguration;
			buildSettings = {
				ALWAYS_SEARCH_USER_PATHS = NO;
				CLANG_ANALYZER_NONNULL = YES;
				CLANG_ANALYZER_NUMBER_OBJECT_CONVERSION = YES_AGGRESSIVE;
				CLANG_CXX_LANGUAGE_STANDARD = "gnu++14";
				CLANG_CXX_LIBRARY = "libc++";
				CLANG_ENABLE_MODULES = YES;
				CLANG_ENABLE_OBJC_ARC = YES;
				CLANG_WARN_BLOCK_CAPTURE_AUTORELEASING = YES;
				CLANG_WARN_BOOL_CONVERSION = YES;
				CLANG_WARN_COMMA = YES;
				CLANG_WARN_CONSTANT_CONVERSION = YES;
				CLANG_WARN_DIRECT_OBJC_ISA_USAGE = YES_ERROR;
				CLANG_WARN_DOCUMENTATION_COMMENTS = YES;
				CLANG_WARN_EMPTY_BODY = YES;
				CLANG_WARN_ENUM_CONVERSION = YES;
				CLANG_WARN_INFINITE_RECURSION = YES;
				CLANG_WARN_INT_CONVERSION = YES;
				CLANG_WARN_NON_LITERAL_NULL_CONVERSION = YES;
				CLANG_WARN_OBJC_LITERAL_CONVERSION = YES;
				CLANG_WARN_OBJC_ROOT_CLASS = YES_ERROR;
				CLANG_WARN_RANGE_LOOP_ANALYSIS = YES;
				CLANG_WARN_STRICT_PROTOTYPES = YES;
				CLANG_WARN_SUSPICIOUS_MOVE = YES;
				CLANG_WARN_UNGUARDED_AVAILABILITY = YES_AGGRESSIVE;
				CLANG_WARN_UNREACHABLE_CODE = YES;
				CLANG_WARN__DUPLICATE_METHOD_MATCH = YES;
				CODE_SIGN_IDENTITY = "iPhone Developer";
				COPY_PHASE_STRIP = NO;
				DEBUG_INFORMATION_FORMAT = dwarf;
				ENABLE_STRICT_OBJC_MSGSEND = YES;
				ENABLE_TESTABILITY = YES;
				GCC_C_LANGUAGE_STANDARD = gnu11;
				GCC_DYNAMIC_NO_PIC = NO;
				GCC_NO_COMMON_BLOCKS = YES;
				GCC_OPTIMIZATION_LEVEL = 0;
				GCC_PREPROCESSOR_DEFINITIONS = (
					"DEBUG=1",
					"$(inherited)",
				);
				GCC_WARN_64_TO_32_BIT_CONVERSION = YES;
				GCC_WARN_ABOUT_RETURN_TYPE = YES_ERROR;
				GCC_WARN_UNDECLARED_SELECTOR = YES;
				GCC_WARN_UNINITIALIZED_AUTOS = YES_AGGRESSIVE;
				GCC_WARN_UNUSED_FUNCTION = YES;
				GCC_WARN_UNUSED_VARIABLE = YES;
				IPHONEOS_DEPLOYMENT_TARGET = 11.0;
				MTL_ENABLE_DEBUG_INFO = YES;
				ONLY_ACTIVE_ARCH = YES;
				SDKROOT = iphoneos;
				SWIFT_ACTIVE_COMPILATION_CONDITIONS = DEBUG;
				SWIFT_OPTIMIZATION_LEVEL = "-Onone";
			};
			name = Debug;
		};
		080AD6D81FA220210095CED9 /* Release */ = {
			isa = XCBuildConfiguration;
			buildSettings = {
				ALWAYS_SEARCH_USER_PATHS = NO;
				CLANG_ANALYZER_NONNULL = YES;
				CLANG_ANALYZER_NUMBER_OBJECT_CONVERSION = YES_AGGRESSIVE;
				CLANG_CXX_LANGUAGE_STANDARD = "gnu++14";
				CLANG_CXX_LIBRARY = "libc++";
				CLANG_ENABLE_MODULES = YES;
				CLANG_ENABLE_OBJC_ARC = YES;
				CLANG_WARN_BLOCK_CAPTURE_AUTORELEASING = YES;
				CLANG_WARN_BOOL_CONVERSION = YES;
				CLANG_WARN_COMMA = YES;
				CLANG_WARN_CONSTANT_CONVERSION = YES;
				CLANG_WARN_DIRECT_OBJC_ISA_USAGE = YES_ERROR;
				CLANG_WARN_DOCUMENTATION_COMMENTS = YES;
				CLANG_WARN_EMPTY_BODY = YES;
				CLANG_WARN_ENUM_CONVERSION = YES;
				CLANG_WARN_INFINITE_RECURSION = YES;
				CLANG_WARN_INT_CONVERSION = YES;
				CLANG_WARN_NON_LITERAL_NULL_CONVERSION = YES;
				CLANG_WARN_OBJC_LITERAL_CONVERSION = YES;
				CLANG_WARN_OBJC_ROOT_CLASS = YES_ERROR;
				CLANG_WARN_RANGE_LOOP_ANALYSIS = YES;
				CLANG_WARN_STRICT_PROTOTYPES = YES;
				CLANG_WARN_SUSPICIOUS_MOVE = YES;
				CLANG_WARN_UNGUARDED_AVAILABILITY = YES_AGGRESSIVE;
				CLANG_WARN_UNREACHABLE_CODE = YES;
				CLANG_WARN__DUPLICATE_METHOD_MATCH = YES;
				CODE_SIGN_IDENTITY = "iPhone Developer";
				COPY_PHASE_STRIP = NO;
				DEBUG_INFORMATION_FORMAT = "dwarf-with-dsym";
				ENABLE_NS_ASSERTIONS = NO;
				ENABLE_STRICT_OBJC_MSGSEND = YES;
				GCC_C_LANGUAGE_STANDARD = gnu11;
				GCC_NO_COMMON_BLOCKS = YES;
				GCC_WARN_64_TO_32_BIT_CONVERSION = YES;
				GCC_WARN_ABOUT_RETURN_TYPE = YES_ERROR;
				GCC_WARN_UNDECLARED_SELECTOR = YES;
				GCC_WARN_UNINITIALIZED_AUTOS = YES_AGGRESSIVE;
				GCC_WARN_UNUSED_FUNCTION = YES;
				GCC_WARN_UNUSED_VARIABLE = YES;
				IPHONEOS_DEPLOYMENT_TARGET = 11.0;
				MTL_ENABLE_DEBUG_INFO = NO;
				SDKROOT = iphoneos;
				SWIFT_OPTIMIZATION_LEVEL = "-Owholemodule";
				VALIDATE_PRODUCT = YES;
			};
			name = Release;
		};
		080AD6DA1FA220210095CED9 /* Debug */ = {
			isa = XCBuildConfiguration;
			buildSettings = {
				ASSETCATALOG_COMPILER_APPICON_NAME = AppIcon;
				CODE_SIGN_STYLE = Automatic;
				INFOPLIST_FILE = "$(SRCROOT)/TylerBevan_CSP/Resources/Info.plist";
				LD_RUNPATH_SEARCH_PATHS = "$(inherited) @executable_path/Frameworks";
				PRODUCT_BUNDLE_IDENTIFIER = "CTEC.TylerBevan-CSP";
				PRODUCT_NAME = "$(TARGET_NAME)";
				SWIFT_VERSION = 4.0;
				TARGETED_DEVICE_FAMILY = "1,2";
			};
			name = Debug;
		};
		080AD6DB1FA220210095CED9 /* Release */ = {
			isa = XCBuildConfiguration;
			buildSettings = {
				ASSETCATALOG_COMPILER_APPICON_NAME = AppIcon;
				CODE_SIGN_STYLE = Automatic;
				INFOPLIST_FILE = "$(SRCROOT)/TylerBevan_CSP/Resources/Info.plist";
				LD_RUNPATH_SEARCH_PATHS = "$(inherited) @executable_path/Frameworks";
				PRODUCT_BUNDLE_IDENTIFIER = "CTEC.TylerBevan-CSP";
				PRODUCT_NAME = "$(TARGET_NAME)";
				SWIFT_VERSION = 4.0;
				TARGETED_DEVICE_FAMILY = "1,2";
			};
			name = Release;
		};
/* End XCBuildConfiguration section */

/* Begin XCConfigurationList section */
		080AD6C21FA220210095CED9 /* Build configuration list for PBXProject "TylerBevan_CSP" */ = {
			isa = XCConfigurationList;
			buildConfigurations = (
				080AD6D71FA220210095CED9 /* Debug */,
				080AD6D81FA220210095CED9 /* Release */,
			);
			defaultConfigurationIsVisible = 0;
			defaultConfigurationName = Release;
		};
		080AD6D91FA220210095CED9 /* Build configuration list for PBXNativeTarget "TylerBevan_CSP" */ = {
			isa = XCConfigurationList;
			buildConfigurations = (
				080AD6DA1FA220210095CED9 /* Debug */,
				080AD6DB1FA220210095CED9 /* Release */,
			);
			defaultConfigurationIsVisible = 0;
			defaultConfigurationName = Release;
		};
/* End XCConfigurationList section */
	};
	rootObject = 080AD6BF1FA220210095CED9 /* Project object */;
}
